
Microsoft Visual Studio Solution File, Format Version 12.00
# Visual Studio 2012
Project("{FAE04EC0-301F-11D3-BF4B-00C04F79EFBC}") = "01 GeoCoordinateWatcher", "01 GeoCoordinateWatcher\01 GeoCoordinateWatcher.csproj", "{BD3854F3-0A2E-4941-B925-925281AC14A9}"
EndProject
Project("{FAE04EC0-301F-11D3-BF4B-00C04F79EFBC}") = "02 Geolocator", "02 Geolocator\02 Geolocator.csproj", "{5F74CF1E-2865-4324-85CF-F99843E7BFF9}"
EndProject
Project("{FAE04EC0-301F-11D3-BF4B-00C04F79EFBC}") = "03 BackgroundLocationTracker", "03 BackgroundLocationTracker\03 BackgroundLocationTracker.csproj", "{A12236B5-36FA-4576-9C91-1B31DF8A3D18}"
EndProject
Global
	GlobalSection(SolutionConfigurationPlatforms) = preSolution
		Debug|Any CPU = Debug|Any CPU
		Debug|ARM = Debug|ARM
		Debug|x86 = Debug|x86
		Release|Any CPU = Release|Any CPU
		Release|ARM = Release|ARM
		Release|x86 = Release|x86
	EndGlobalSection
	GlobalSection(ProjectConfigurationPlatforms) = postSolution
		{BD3854F3-0A2E-4941-B925-925281AC14A9}.Debug|Any CPU.ActiveCfg = Debug|Any CPU
		{BD3854F3-0A2E-4941-B925-925281AC14A9}.Debug|Any CPU.Build.0 = Debug|Any CPU
		{BD3854F3-0A2E-4941-B925-925281AC14A9}.Debug|Any CPU.Deploy.0 = Debug|Any CPU
		{BD3854F3-0A2E-4941-B925-925281AC14A9}.Debug|ARM.ActiveCfg = Debug|ARM
		{BD3854F3-0A2E-4941-B925-925281AC14A9}.Debug|ARM.Build.0 = Debug|ARM
		{BD3854F3-0A2E-4941-B925-925281AC14A9}.Debug|ARM.Deploy.0 = Debug|ARM
		{BD3854F3-0A2E-4941-B925-925281AC14A9}.Debug|x86.ActiveCfg = Debug|x86
		{BD3854F3-0A2E-4941-B925-925281AC14A9}.Debug|x86.Build.0 = Debug|x86
		{BD3854F3-0A2E-4941-B925-925281AC14A9}.Debug|x86.Deploy.0 = Debug|x86
		{BD3854F3-0A2E-4941-B925-925281AC14A9}.Release|Any CPU.ActiveCfg = Release|Any CPU
		{BD3854F3-0A2E-4941-B925-925281AC14A9}.Release|Any CPU.Build.0 = Release|Any CPU
		{BD3854F3-0A2E-4941-B925-925281AC14A9}.Release|Any CPU.Deploy.0 = Release|Any CPU
		{BD3854F3-0A2E-4941-B925-925281AC14A9}.Release|ARM.ActiveCfg = Release|ARM
		{BD3854F3-0A2E-4941-B925-925281AC14A9}.Release|ARM.Build.0 = Release|ARM
		{BD3854F3-0A2E-4941-B925-925281AC14A9}.Release|ARM.Deploy.0 = Release|ARM
		{BD3854F3-0A2E-4941-B925-925281AC14A9}.Release|x86.ActiveCfg = Release|x86
		{BD3854F3-0A2E-4941-B925-925281AC14A9}.Release|x86.Build.0 = Release|x86
		{BD3854F3-0A2E-4941-B925-925281AC14A9}.Release|x86.Deploy.0 = Release|x86
		{5F74CF1E-2865-4324-85CF-F99843E7BFF9}.Debug|Any CPU.ActiveCfg = Debug|Any CPU
		{5F74CF1E-2865-4324-85CF-F99843E7BFF9}.Debug|Any CPU.Build.0 = Debug|Any CPU
		{5F74CF1E-2865-4324-85CF-F99843E7BFF9}.Debug|Any CPU.Deploy.0 = Debug|Any CPU
		{5F74CF1E-2865-4324-85CF-F99843E7BFF9}.Debug|ARM.ActiveCfg = Debug|ARM
		{5F74CF1E-2865-4324-85CF-F99843E7BFF9}.Debug|ARM.Build.0 = Debug|ARM
		{5F74CF1E-2865-4324-85CF-F99843E7BFF9}.Debug|ARM.Deploy.0 = Debug|ARM
		{5F74CF1E-2865-4324-85CF-F99843E7BFF9}.Debug|x86.ActiveCfg = Debug|x86
		{5F74CF1E-2865-4324-85CF-F99843E7BFF9}.Debug|x86.Build.0 = Debug|x86
		{5F74CF1E-2865-4324-85CF-F99843E7BFF9}.Debug|x86.Deploy.0 = Debug|x86
		{5F74CF1E-2865-4324-85CF-F99843E7BFF9}.Release|Any CPU.ActiveCfg = Release|Any CPU
		{5F74CF1E-2865-4324-85CF-F99843E7BFF9}.Release|Any CPU.Build.0 = Release|Any CPU
		{5F74CF1E-2865-4324-85CF-F99843E7BFF9}.Release|Any CPU.Deploy.0 = Release|Any CPU
		{5F74CF1E-2865-4324-85CF-F99843E7BFF9}.Release|ARM.ActiveCfg = Release|ARM
		{5F74CF1E-2865-4324-85CF-F99843E7BFF9}.Release|ARM.Build.0 = Release|ARM
		{5F74CF1E-2865-4324-85CF-F99843E7BFF9}.Release|ARM.Deploy.0 = Release|ARM
		{5F74CF1E-2865-4324-85CF-F99843E7BFF9}.Release|x86.ActiveCfg = Release|x86
		{5F74CF1E-2865-4324-85CF-F99843E7BFF9}.Release|x86.Build.0 = Release|x86
		{5F74CF1E-2865-4324-85CF-F99843E7BFF9}.Release|x86.Deploy.0 = Release|x86
		{A12236B5-36FA-4576-9C91-1B31DF8A3D18}.Debug|Any CPU.ActiveCfg = Debug|Any CPU
		{A12236B5-36FA-4576-9C91-1B31DF8A3D18}.Debug|Any CPU.Build.0 = Debug|Any CPU
		{A12236B5-36FA-4576-9C91-1B31DF8A3D18}.Debug|Any CPU.Deploy.0 = Debug|Any CPU
		{A12236B5-36FA-4576-9C91-1B31DF8A3D18}.Debug|ARM.ActiveCfg = Debug|ARM
		{A12236B5-36FA-4576-9C91-1B31DF8A3D18}.Debug|ARM.Build.0 = Debug|ARM
		{A12236B5-36FA-4576-9C91-1B31DF8A3D18}.Debug|ARM.Deploy.0 = Debug|ARM
		{A12236B5-36FA-4576-9C91-1B31DF8A3D18}.Debug|x86.ActiveCfg = Debug|x86
		{A12236B5-36FA-4576-9C91-1B31DF8A3D18}.Debug|x86.Build.0 = Debug|x86
		{A12236B5-36FA-4576-9C91-1B31DF8A3D18}.Debug|x86.Deploy.0 = Debug|x86
		{A12236B5-36FA-4576-9C91-1B31DF8A3D18}.Release|Any CPU.ActiveCfg = Release|Any CPU
		{A12236B5-36FA-4576-9C91-1B31DF8A3D18}.Release|Any CPU.Build.0 = Release|Any CPU
		{A12236B5-36FA-4576-9C91-1B31DF8A3D18}.Release|Any CPU.Deploy.0 = Release|Any CPU
		{A12236B5-36FA-4576-9C91-1B31DF8A3D18}.Release|ARM.ActiveCfg = Release|ARM
		{A12236B5-36FA-4576-9C91-1B31DF8A3D18}.Release|ARM.Build.0 = Release|ARM
		{A12236B5-36FA-4576-9C91-1B31DF8A3D18}.Release|ARM.Deploy.0 = Release|ARM
		{A12236B5-36FA-4576-9C91-1B31DF8A3D18}.Release|x86.ActiveCfg = Release|x86
		{A12236B5-36FA-4576-9C91-1B31DF8A3D18}.Release|x86.Build.0 = Release|x86
		{A12236B5-36FA-4576-9C91-1B31DF8A3D18}.Release|x86.Deploy.0 = Release|x86
	EndGlobalSection
	GlobalSection(SolutionProperties) = preSolution
		HideSolutionNode = FALSE
	EndGlobalSection
EndGlobal
